
Microsoft Visual Studio Solution File, Format Version 12.00
# Visual Studio Version 16
VisualStudioVersion = 16.0.28803.156
MinimumVisualStudioVersion = 10.0.40219.1
Project("{FAE04EC0-301F-11D3-BF4B-00C04F79EFBC}") = "More Selenium Tests", "More Selenium Tests\More Selenium Tests.csproj", "{74BA4ACF-6C01-4C54-80F9-BB0D638FBA0D}"
EndProject
Global
	GlobalSection(SolutionConfigurationPlatforms) = preSolution
		Debug|Any CPU = Debug|Any CPU
		Release|Any CPU = Release|Any CPU
	EndGlobalSection
	GlobalSection(ProjectConfigurationPlatforms) = postSolution
		{74BA4ACF-6C01-4C54-80F9-BB0D638FBA0D}.Debug|Any CPU.ActiveCfg = Debug|Any CPU
		{74BA4ACF-6C01-4C54-80F9-BB0D638FBA0D}.Debug|Any CPU.Build.0 = Debug|Any CPU
		{74BA4ACF-6C01-4C54-80F9-BB0D638FBA0D}.Release|Any CPU.ActiveCfg = Release|Any CPU
		{74BA4ACF-6C01-4C54-80F9-BB0D638FBA0D}.Release|Any CPU.Build.0 = Release|Any CPU
	EndGlobalSection
	GlobalSection(SolutionProperties) = preSolution
		HideSolutionNode = FALSE
	EndGlobalSection
	GlobalSection(ExtensibilityGlobals) = postSolution
		SolutionGuid = {4549E5CC-C761-4AF6-BCA2-F7A6580AE9A8}
	EndGlobalSection
EndGlobal
