
Microsoft Visual Studio Solution File, Format Version 12.00
# Visual Studio 15
VisualStudioVersion = 15.0.28307.421
MinimumVisualStudioVersion = 10.0.40219.1
Project("{FAE04EC0-301F-11D3-BF4B-00C04F79EFBC}") = "Juku Koolipäev", "Juku Koolipäev\Juku Koolipäev.csproj", "{89B7E15C-6F8B-4CF5-8C66-3AD6D73C1389}"
EndProject
Global
	GlobalSection(SolutionConfigurationPlatforms) = preSolution
		Debug|Any CPU = Debug|Any CPU
		Release|Any CPU = Release|Any CPU
	EndGlobalSection
	GlobalSection(ProjectConfigurationPlatforms) = postSolution
		{89B7E15C-6F8B-4CF5-8C66-3AD6D73C1389}.Debug|Any CPU.ActiveCfg = Debug|Any CPU
		{89B7E15C-6F8B-4CF5-8C66-3AD6D73C1389}.Debug|Any CPU.Build.0 = Debug|Any CPU
		{89B7E15C-6F8B-4CF5-8C66-3AD6D73C1389}.Release|Any CPU.ActiveCfg = Release|Any CPU
		{89B7E15C-6F8B-4CF5-8C66-3AD6D73C1389}.Release|Any CPU.Build.0 = Release|Any CPU
	EndGlobalSection
	GlobalSection(SolutionProperties) = preSolution
		HideSolutionNode = FALSE
	EndGlobalSection
	GlobalSection(ExtensibilityGlobals) = postSolution
		SolutionGuid = {ED5CDCC7-6F72-4C22-B8FF-AD7DF1992E0A}
	EndGlobalSection
EndGlobal
