
Microsoft Visual Studio Solution File, Format Version 12.00
# Visual Studio Version 16
VisualStudioVersion = 16.0.28803.156
MinimumVisualStudioVersion = 10.0.40219.1
Project("{FAE04EC0-301F-11D3-BF4B-00C04F79EFBC}") = "FizzBuzz", "FizzBuzz\FizzBuzz.csproj", "{1101B404-1486-4442-BD94-00CA648BC5EA}"
EndProject
Global
	GlobalSection(SolutionConfigurationPlatforms) = preSolution
		Debug|Any CPU = Debug|Any CPU
		Release|Any CPU = Release|Any CPU
	EndGlobalSection
	GlobalSection(ProjectConfigurationPlatforms) = postSolution
		{1101B404-1486-4442-BD94-00CA648BC5EA}.Debug|Any CPU.ActiveCfg = Debug|Any CPU
		{1101B404-1486-4442-BD94-00CA648BC5EA}.Debug|Any CPU.Build.0 = Debug|Any CPU
		{1101B404-1486-4442-BD94-00CA648BC5EA}.Release|Any CPU.ActiveCfg = Release|Any CPU
		{1101B404-1486-4442-BD94-00CA648BC5EA}.Release|Any CPU.Build.0 = Release|Any CPU
	EndGlobalSection
	GlobalSection(SolutionProperties) = preSolution
		HideSolutionNode = FALSE
	EndGlobalSection
	GlobalSection(ExtensibilityGlobals) = postSolution
		SolutionGuid = {9D6ED578-FC00-4CFE-B5C6-5CE67124D7B8}
	EndGlobalSection
EndGlobal
