
Microsoft Visual Studio Solution File, Format Version 12.00
# Visual Studio 15
VisualStudioVersion = 15.0.28307.421
MinimumVisualStudioVersion = 10.0.40219.1
Project("{FAE04EC0-301F-11D3-BF4B-00C04F79EFBC}") = "Automatic Youtube Downloader", "Automatic Youtube Downloader\Automatic Youtube Downloader.csproj", "{6669B212-FEE8-475C-903A-366427B375CD}"
EndProject
Global
	GlobalSection(SolutionConfigurationPlatforms) = preSolution
		Debug|Any CPU = Debug|Any CPU
		Release|Any CPU = Release|Any CPU
	EndGlobalSection
	GlobalSection(ProjectConfigurationPlatforms) = postSolution
		{6669B212-FEE8-475C-903A-366427B375CD}.Debug|Any CPU.ActiveCfg = Debug|Any CPU
		{6669B212-FEE8-475C-903A-366427B375CD}.Debug|Any CPU.Build.0 = Debug|Any CPU
		{6669B212-FEE8-475C-903A-366427B375CD}.Release|Any CPU.ActiveCfg = Release|Any CPU
		{6669B212-FEE8-475C-903A-366427B375CD}.Release|Any CPU.Build.0 = Release|Any CPU
	EndGlobalSection
	GlobalSection(SolutionProperties) = preSolution
		HideSolutionNode = FALSE
	EndGlobalSection
	GlobalSection(ExtensibilityGlobals) = postSolution
		SolutionGuid = {82DCDBD7-2887-4EAF-873E-5ADDAC6258BD}
	EndGlobalSection
EndGlobal
