
Microsoft Visual Studio Solution File, Format Version 12.00
# Visual Studio 15
VisualStudioVersion = 15.0.28307.421
MinimumVisualStudioVersion = 10.0.40219.1
Project("{FAE04EC0-301F-11D3-BF4B-00C04F79EFBC}") = "Cosmos", "Cosmos\Cosmos.csproj", "{B5A8E918-2B40-4EB0-833C-0E01C73E4AC3}"
EndProject
Global
	GlobalSection(SolutionConfigurationPlatforms) = preSolution
		Debug|Any CPU = Debug|Any CPU
		Release|Any CPU = Release|Any CPU
	EndGlobalSection
	GlobalSection(ProjectConfigurationPlatforms) = postSolution
		{B5A8E918-2B40-4EB0-833C-0E01C73E4AC3}.Debug|Any CPU.ActiveCfg = Debug|Any CPU
		{B5A8E918-2B40-4EB0-833C-0E01C73E4AC3}.Debug|Any CPU.Build.0 = Debug|Any CPU
		{B5A8E918-2B40-4EB0-833C-0E01C73E4AC3}.Release|Any CPU.ActiveCfg = Release|Any CPU
		{B5A8E918-2B40-4EB0-833C-0E01C73E4AC3}.Release|Any CPU.Build.0 = Release|Any CPU
	EndGlobalSection
	GlobalSection(SolutionProperties) = preSolution
		HideSolutionNode = FALSE
	EndGlobalSection
	GlobalSection(ExtensibilityGlobals) = postSolution
		SolutionGuid = {B6F60F4B-1026-4F9A-A851-18D0FCB344E6}
	EndGlobalSection
EndGlobal
