
Microsoft Visual Studio Solution File, Format Version 12.00
# Visual Studio Version 16
VisualStudioVersion = 16.0.28803.156
MinimumVisualStudioVersion = 10.0.40219.1
Project("{FAE04EC0-301F-11D3-BF4B-00C04F79EFBC}") = "Raamat", "Raamat\Raamat.csproj", "{1D97D907-10E6-4BC8-93A2-2451E771CFDA}"
EndProject
Global
	GlobalSection(SolutionConfigurationPlatforms) = preSolution
		Debug|Any CPU = Debug|Any CPU
		Release|Any CPU = Release|Any CPU
	EndGlobalSection
	GlobalSection(ProjectConfigurationPlatforms) = postSolution
		{1D97D907-10E6-4BC8-93A2-2451E771CFDA}.Debug|Any CPU.ActiveCfg = Debug|Any CPU
		{1D97D907-10E6-4BC8-93A2-2451E771CFDA}.Debug|Any CPU.Build.0 = Debug|Any CPU
		{1D97D907-10E6-4BC8-93A2-2451E771CFDA}.Release|Any CPU.ActiveCfg = Release|Any CPU
		{1D97D907-10E6-4BC8-93A2-2451E771CFDA}.Release|Any CPU.Build.0 = Release|Any CPU
	EndGlobalSection
	GlobalSection(SolutionProperties) = preSolution
		HideSolutionNode = FALSE
	EndGlobalSection
	GlobalSection(ExtensibilityGlobals) = postSolution
		SolutionGuid = {60BF8CC8-91C4-4367-8F3D-BF37AFA9F27E}
	EndGlobalSection
EndGlobal
